Microsoft Visual Studio Solution File, Format Version 12.00
# Visual Studio Version 17
VisualStudioVersion = 17.5.2.0
MinimumVisualStudioVersion = 10.0.40219.1
Project("{FAE04EC0-301F-11D3-BF4B-00C04F79EFBC}") = "ConnectHub.Chat.API", "ConnectHub.Chat.API\ConnectHub.Chat.API.csproj", "{F331534D-B1C6-72C1-0F73-29134A808EAE}"
EndProject
Project("{FAE04EC0-301F-11D3-BF4B-00C04F79EFBC}") = "ConnectHub.Chat.Application", "ConnectHub.Chat.Application\ConnectHub.Chat.Application.csproj", "{E589D9F2-B08F-B1DD-90D2-AABD4F7C1572}"
EndProject
Project("{FAE04EC0-301F-11D3-BF4B-00C04F79EFBC}") = "ConnectHub.Chat.Domain", "ConnectHub.Chat.Domain\ConnectHub.Chat.Domain.csproj", "{14AF6E27-033C-E1E4-7AAB-1E0F5039F324}"
EndProject
Project("{FAE04EC0-301F-11D3-BF4B-00C04F79EFBC}") = "ConnectHub.Chat.Infrastructure", "ConnectHub.Chat.Infrastructure\ConnectHub.Chat.Infrastructure.csproj", "{93112464-29A0-16E2-9AF3-8B5000092265}"
EndProject
Global
	GlobalSection(SolutionConfigurationPlatforms) = preSolution
		Debug|Any CPU = Debug|Any CPU
		Release|Any CPU = Release|Any CPU
	EndGlobalSection
	GlobalSection(ProjectConfigurationPlatforms) = postSolution
		{F331534D-B1C6-72C1-0F73-29134A808EAE}.Debug|Any CPU.ActiveCfg = Debug|Any CPU
		{F331534D-B1C6-72C1-0F73-29134A808EAE}.Debug|Any CPU.Build.0 = Debug|Any CPU
		{F331534D-B1C6-72C1-0F73-29134A808EAE}.Release|Any CPU.ActiveCfg = Release|Any CPU
		{F331534D-B1C6-72C1-0F73-29134A808EAE}.Release|Any CPU.Build.0 = Release|Any CPU
		{E589D9F2-B08F-B1DD-90D2-AABD4F7C1572}.Debug|Any CPU.ActiveCfg = Debug|Any CPU
		{E589D9F2-B08F-B1DD-90D2-AABD4F7C1572}.Debug|Any CPU.Build.0 = Debug|Any CPU
		{E589D9F2-B08F-B1DD-90D2-AABD4F7C1572}.Release|Any CPU.ActiveCfg = Release|Any CPU
		{E589D9F2-B08F-B1DD-90D2-AABD4F7C1572}.Release|Any CPU.Build.0 = Release|Any CPU
		{14AF6E27-033C-E1E4-7AAB-1E0F5039F324}.Debug|Any CPU.ActiveCfg = Debug|Any CPU
		{14AF6E27-033C-E1E4-7AAB-1E0F5039F324}.Debug|Any CPU.Build.0 = Debug|Any CPU
		{14AF6E27-033C-E1E4-7AAB-1E0F5039F324}.Release|Any CPU.ActiveCfg = Release|Any CPU
		{14AF6E27-033C-E1E4-7AAB-1E0F5039F324}.Release|Any CPU.Build.0 = Release|Any CPU
		{93112464-29A0-16E2-9AF3-8B5000092265}.Debug|Any CPU.ActiveCfg = Debug|Any CPU
		{93112464-29A0-16E2-9AF3-8B5000092265}.Debug|Any CPU.Build.0 = Debug|Any CPU
		{93112464-29A0-16E2-9AF3-8B5000092265}.Release|Any CPU.ActiveCfg = Release|Any CPU
		{93112464-29A0-16E2-9AF3-8B5000092265}.Release|Any CPU.Build.0 = Release|Any CPU
	EndGlobalSection
	GlobalSection(SolutionProperties) = preSolution
		HideSolutionNode = FALSE
	EndGlobalSection
	GlobalSection(ExtensibilityGlobals) = postSolution
		SolutionGuid = {FD335C92-269C-4002-9B32-757F4C0DBEF6}
	EndGlobalSection
EndGlobal
